
Microsoft Visual Studio Solution File, Format Version 12.00
# Visual Studio Version 17
VisualStudioVersion = 17.0.31903.59
MinimumVisualStudioVersion = 10.0.40219.1
Project("{2150E333-8FDC-42A3-9474-1A3956D46DE8}") = "src", "src", "{827E0CD3-B72D-47B6-A68D-7590B98EB39B}"
EndProject
Project("{FAE04EC0-301F-11D3-BF4B-00C04F79EFBC}") = "B612.Api", "src\B612.Api\B612.Api.csproj", "{E3E2ACBC-5B62-4BFE-9ED0-770CAF621AF5}"
EndProject
Project("{FAE04EC0-301F-11D3-BF4B-00C04F79EFBC}") = "B612.Application", "src\B612.Application\B612.Application.csproj", "{70AD35E8-C8FC-4597-9E3F-26AB7AD92504}"
EndProject
Project("{FAE04EC0-301F-11D3-BF4B-00C04F79EFBC}") = "B612.Domain", "src\B612.Domain\B612.Domain.csproj", "{D5F3CE1F-3BFB-466D-87B7-DDDA42410DD1}"
EndProject
Project("{FAE04EC0-301F-11D3-BF4B-00C04F79EFBC}") = "B612.Infrastructure", "src\B612.Infrastructure\B612.Infrastructure.csproj", "{E42F573A-6717-4651-B204-8DA587D47C96}"
EndProject
Project("{FAE04EC0-301F-11D3-BF4B-00C04F79EFBC}") = "B612.UnitTests", "tests\B612.UnitTests\B612.UnitTests.csproj", "{EB8D9BA9-C677-4336-976C-8E4ABDEC9FD3}"
EndProject
Global
	GlobalSection(SolutionConfigurationPlatforms) = preSolution
		Debug|Any CPU = Debug|Any CPU
		Debug|x64 = Debug|x64
		Debug|x86 = Debug|x86
		Release|Any CPU = Release|Any CPU
		Release|x64 = Release|x64
		Release|x86 = Release|x86
	EndGlobalSection
	GlobalSection(ProjectConfigurationPlatforms) = postSolution
		{E3E2ACBC-5B62-4BFE-9ED0-770CAF621AF5}.Debug|Any CPU.ActiveCfg = Debug|Any CPU
		{E3E2ACBC-5B62-4BFE-9ED0-770CAF621AF5}.Debug|Any CPU.Build.0 = Debug|Any CPU
		{E3E2ACBC-5B62-4BFE-9ED0-770CAF621AF5}.Debug|x64.ActiveCfg = Debug|Any CPU
		{E3E2ACBC-5B62-4BFE-9ED0-770CAF621AF5}.Debug|x64.Build.0 = Debug|Any CPU
		{E3E2ACBC-5B62-4BFE-9ED0-770CAF621AF5}.Debug|x86.ActiveCfg = Debug|Any CPU
		{E3E2ACBC-5B62-4BFE-9ED0-770CAF621AF5}.Debug|x86.Build.0 = Debug|Any CPU
		{E3E2ACBC-5B62-4BFE-9ED0-770CAF621AF5}.Release|Any CPU.ActiveCfg = Release|Any CPU
		{E3E2ACBC-5B62-4BFE-9ED0-770CAF621AF5}.Release|Any CPU.Build.0 = Release|Any CPU
		{E3E2ACBC-5B62-4BFE-9ED0-770CAF621AF5}.Release|x64.ActiveCfg = Release|Any CPU
		{E3E2ACBC-5B62-4BFE-9ED0-770CAF621AF5}.Release|x64.Build.0 = Release|Any CPU
		{E3E2ACBC-5B62-4BFE-9ED0-770CAF621AF5}.Release|x86.ActiveCfg = Release|Any CPU
		{E3E2ACBC-5B62-4BFE-9ED0-770CAF621AF5}.Release|x86.Build.0 = Release|Any CPU
		{70AD35E8-C8FC-4597-9E3F-26AB7AD92504}.Debug|Any CPU.ActiveCfg = Debug|Any CPU
		{70AD35E8-C8FC-4597-9E3F-26AB7AD92504}.Debug|Any CPU.Build.0 = Debug|Any CPU
		{70AD35E8-C8FC-4597-9E3F-26AB7AD92504}.Debug|x64.ActiveCfg = Debug|Any CPU
		{70AD35E8-C8FC-4597-9E3F-26AB7AD92504}.Debug|x64.Build.0 = Debug|Any CPU
		{70AD35E8-C8FC-4597-9E3F-26AB7AD92504}.Debug|x86.ActiveCfg = Debug|Any CPU
		{70AD35E8-C8FC-4597-9E3F-26AB7AD92504}.Debug|x86.Build.0 = Debug|Any CPU
		{70AD35E8-C8FC-4597-9E3F-26AB7AD92504}.Release|Any CPU.ActiveCfg = Release|Any CPU
		{70AD35E8-C8FC-4597-9E3F-26AB7AD92504}.Release|Any CPU.Build.0 = Release|Any CPU
		{70AD35E8-C8FC-4597-9E3F-26AB7AD92504}.Release|x64.ActiveCfg = Release|Any CPU
		{70AD35E8-C8FC-4597-9E3F-26AB7AD92504}.Release|x64.Build.0 = Release|Any CPU
		{70AD35E8-C8FC-4597-9E3F-26AB7AD92504}.Release|x86.ActiveCfg = Release|Any CPU
		{70AD35E8-C8FC-4597-9E3F-26AB7AD92504}.Release|x86.Build.0 = Release|Any CPU
		{D5F3CE1F-3BFB-466D-87B7-DDDA42410DD1}.Debug|Any CPU.ActiveCfg = Debug|Any CPU
		{D5F3CE1F-3BFB-466D-87B7-DDDA42410DD1}.Debug|Any CPU.Build.0 = Debug|Any CPU
		{D5F3CE1F-3BFB-466D-87B7-DDDA42410DD1}.Debug|x64.ActiveCfg = Debug|Any CPU
		{D5F3CE1F-3BFB-466D-87B7-DDDA42410DD1}.Debug|x64.Build.0 = Debug|Any CPU
		{D5F3CE1F-3BFB-466D-87B7-DDDA42410DD1}.Debug|x86.ActiveCfg = Debug|Any CPU
		{D5F3CE1F-3BFB-466D-87B7-DDDA42410DD1}.Debug|x86.Build.0 = Debug|Any CPU
		{D5F3CE1F-3BFB-466D-87B7-DDDA42410DD1}.Release|Any CPU.ActiveCfg = Release|Any CPU
		{D5F3CE1F-3BFB-466D-87B7-DDDA42410DD1}.Release|Any CPU.Build.0 = Release|Any CPU
		{D5F3CE1F-3BFB-466D-87B7-DDDA42410DD1}.Release|x64.ActiveCfg = Release|Any CPU
		{D5F3CE1F-3BFB-466D-87B7-DDDA42410DD1}.Release|x64.Build.0 = Release|Any CPU
		{D5F3CE1F-3BFB-466D-87B7-DDDA42410DD1}.Release|x86.ActiveCfg = Release|Any CPU
		{D5F3CE1F-3BFB-466D-87B7-DDDA42410DD1}.Release|x86.Build.0 = Release|Any CPU
		{E42F573A-6717-4651-B204-8DA587D47C96}.Debug|Any CPU.ActiveCfg = Debug|Any CPU
		{E42F573A-6717-4651-B204-8DA587D47C96}.Debug|Any CPU.Build.0 = Debug|Any CPU
		{E42F573A-6717-4651-B204-8DA587D47C96}.Debug|x64.ActiveCfg = Debug|Any CPU
		{E42F573A-6717-4651-B204-8DA587D47C96}.Debug|x64.Build.0 = Debug|Any CPU
		{E42F573A-6717-4651-B204-8DA587D47C96}.Debug|x86.ActiveCfg = Debug|Any CPU
		{E42F573A-6717-4651-B204-8DA587D47C96}.Debug|x86.Build.0 = Debug|Any CPU
		{E42F573A-6717-4651-B204-8DA587D47C96}.Release|Any CPU.ActiveCfg = Release|Any CPU
		{E42F573A-6717-4651-B204-8DA587D47C96}.Release|Any CPU.Build.0 = Release|Any CPU
		{E42F573A-6717-4651-B204-8DA587D47C96}.Release|x64.ActiveCfg = Release|Any CPU
		{E42F573A-6717-4651-B204-8DA587D47C96}.Release|x64.Build.0 = Release|Any CPU
		{E42F573A-6717-4651-B204-8DA587D47C96}.Release|x86.ActiveCfg = Release|Any CPU
		{E42F573A-6717-4651-B204-8DA587D47C96}.Release|x86.Build.0 = Release|Any CPU
		{EB8D9BA9-C677-4336-976C-8E4ABDEC9FD3}.Debug|Any CPU.ActiveCfg = Debug|Any CPU
		{EB8D9BA9-C677-4336-976C-8E4ABDEC9FD3}.Debug|Any CPU.Build.0 = Debug|Any CPU
		{EB8D9BA9-C677-4336-976C-8E4ABDEC9FD3}.Debug|x64.ActiveCfg = Debug|Any CPU
		{EB8D9BA9-C677-4336-976C-8E4ABDEC9FD3}.Debug|x64.Build.0 = Debug|Any CPU
		{EB8D9BA9-C677-4336-976C-8E4ABDEC9FD3}.Debug|x86.ActiveCfg = Debug|Any CPU
		{EB8D9BA9-C677-4336-976C-8E4ABDEC9FD3}.Debug|x86.Build.0 = Debug|Any CPU
		{EB8D9BA9-C677-4336-976C-8E4ABDEC9FD3}.Release|Any CPU.ActiveCfg = Release|Any CPU
		{EB8D9BA9-C677-4336-976C-8E4ABDEC9FD3}.Release|Any CPU.Build.0 = Release|Any CPU
		{EB8D9BA9-C677-4336-976C-8E4ABDEC9FD3}.Release|x64.ActiveCfg = Release|Any CPU
		{EB8D9BA9-C677-4336-976C-8E4ABDEC9FD3}.Release|x64.Build.0 = Release|Any CPU
		{EB8D9BA9-C677-4336-976C-8E4ABDEC9FD3}.Release|x86.ActiveCfg = Release|Any CPU
		{EB8D9BA9-C677-4336-976C-8E4ABDEC9FD3}.Release|x86.Build.0 = Release|Any CPU
	EndGlobalSection
	GlobalSection(SolutionProperties) = preSolution
		HideSolutionNode = FALSE
	EndGlobalSection
	GlobalSection(NestedProjects) = preSolution
		{E3E2ACBC-5B62-4BFE-9ED0-770CAF621AF5} = {827E0CD3-B72D-47B6-A68D-7590B98EB39B}
		{70AD35E8-C8FC-4597-9E3F-26AB7AD92504} = {827E0CD3-B72D-47B6-A68D-7590B98EB39B}
		{D5F3CE1F-3BFB-466D-87B7-DDDA42410DD1} = {827E0CD3-B72D-47B6-A68D-7590B98EB39B}
		{E42F573A-6717-4651-B204-8DA587D47C96} = {827E0CD3-B72D-47B6-A68D-7590B98EB39B}
		{EB8D9BA9-C677-4336-976C-8E4ABDEC9FD3} = {827E0CD3-B72D-47B6-A68D-7590B98EB39B}
	EndGlobalSection
EndGlobal
